// !$*UTF8*$!
{
	archiveVersion = 1;
	classes = {
	};
	objectVersion = 46;
	objects = {

/* Begin PBXFileReference section */
		2A2164971CD0AF35008F35CB /* data_analysis */ = {isa = PBXFileReference; lastKnownFileType = "compiled.mach-o.executable"; path = data_analysis; sourceTree = "<group>"; };
		2A2164981CD0AF35008F35CB /* Makefile */ = {isa = PBXFileReference; lastKnownFileType = sourcecode.make; path = Makefile; sourceTree = "<group>"; };
		2A2164991CD0AF35008F35CB /* src */ = {isa = PBXFileReference; lastKnownFileType = folder; path = src; sourceTree = "<group>"; };
/* End PBXFileReference section */

/* Begin PBXGroup section */
		2A2164911CD0AF35008F35CB = {
			isa = PBXGroup;
			children = (
				2A2164971CD0AF35008F35CB /* data_analysis */,
				2A2164981CD0AF35008F35CB /* Makefile */,
				2A2164991CD0AF35008F35CB /* src */,
			);
			sourceTree = "<group>";
		};
/* End PBXGroup section */

/* Begin PBXLegacyTarget section */
		2A2164961CD0AF35008F35CB /* data_analysis */ = {
			isa = PBXLegacyTarget;
			buildArgumentsString = "$(ACTION)";
			buildConfigurationList = 2A21649A1CD0AF35008F35CB /* Build configuration list for PBXLegacyTarget "data_analysis" */;
			buildPhases = (
			);
			buildToolPath = /usr/bin/make;
			buildWorkingDirectory = "/Users/joacimeriksson/Git/C-Programming-Class/data_analysis";
			dependencies = (
			);
			name = data_analysis;
			passBuildSettingsInEnvironment = 1;
			productName = data_analysis;
		};
/* End PBXLegacyTarget section */

/* Begin PBXProject section */
		2A2164921CD0AF35008F35CB /* Project object */ = {
			isa = PBXProject;
			attributes = {
			};
			buildConfigurationList = 2A2164951CD0AF35008F35CB /* Build configuration list for PBXProject "data_analysis" */;
			compatibilityVersion = "Xcode 3.2";
			developmentRegion = English;
			hasScannedForEncodings = 0;
			knownRegions = (
				en,
			);
			mainGroup = 2A2164911CD0AF35008F35CB;
			projectDirPath = "";
			projectRoot = "";
			targets = (
				2A2164961CD0AF35008F35CB /* data_analysis */,
			);
		};
/* End PBXProject section */

/* Begin XCBuildConfiguration section */
		2A2164931CD0AF35008F35CB /* Debug */ = {
			isa = XCBuildConfiguration;
			buildSettings = {
				ARCHS = "$(ARCHS_STANDARD_32_BIT)";
				COPY_PHASE_STRIP = NO;
				GCC_WARN_ABOUT_RETURN_TYPE = YES;
				GCC_WARN_UNUSED_VARIABLE = YES;
				ONLY_ACTIVE_ARCH = YES;
				SDKROOT = macosx10.6;
			};
			name = Debug;
		};
		2A2164941CD0AF35008F35CB /* Release */ = {
			isa = XCBuildConfiguration;
			buildSettings = {
				ARCHS = "$(ARCHS_STANDARD_32_BIT)";
				COPY_PHASE_STRIP = YES;
				GCC_WARN_ABOUT_RETURN_TYPE = YES;
				GCC_WARN_UNUSED_VARIABLE = YES;
				SDKROOT = macosx10.6;
			};
			name = Release;
		};
		2A21649B1CD0AF35008F35CB /* Debug */ = {
			isa = XCBuildConfiguration;
			buildSettings = {
				COPY_PHASE_STRIP = NO;
				DEBUGGING_SYMBOLS = YES;
				GCC_DYNAMIC_NO_PIC = NO;
				GCC_ENABLE_FIX_AND_CONTINUE = YES;
				GCC_GENERATE_DEBUGGING_SYMBOLS = YES;
				GCC_OPTIMIZATION_LEVEL = 0;
				OTHER_CFLAGS = "";
				OTHER_LDFLAGS = "";
				PRODUCT_NAME = data_analysis;
			};
			name = Debug;
		};
		2A21649C1CD0AF35008F35CB /* Release */ = {
			isa = XCBuildConfiguration;
			buildSettings = {
				COPY_PHASE_STRIP = YES;
				DEBUG_INFORMATION_FORMAT = "dwarf-with-dsym";
				GCC_ENABLE_FIX_AND_CONTINUE = NO;
				OTHER_CFLAGS = "";
				OTHER_LDFLAGS = "";
				PRODUCT_NAME = data_analysis;
			};
			name = Release;
		};
/* End XCBuildConfiguration section */

/* Begin XCConfigurationList section */
		2A2164951CD0AF35008F35CB /* Build configuration list for PBXProject "data_analysis" */ = {
			isa = XCConfigurationList;
			buildConfigurations = (
				2A2164931CD0AF35008F35CB /* Debug */,
				2A2164941CD0AF35008F35CB /* Release */,
			);
			defaultConfigurationIsVisible = 0;
			defaultConfigurationName = Release;
		};
		2A21649A1CD0AF35008F35CB /* Build configuration list for PBXLegacyTarget "data_analysis" */ = {
			isa = XCConfigurationList;
			buildConfigurations = (
				2A21649B1CD0AF35008F35CB /* Debug */,
				2A21649C1CD0AF35008F35CB /* Release */,
			);
			defaultConfigurationIsVisible = 0;
			defaultConfigurationName = Release;
		};
/* End XCConfigurationList section */
	};
	rootObject = 2A2164921CD0AF35008F35CB /* Project object */;
}
